{
  "object": {
    "pins": [
      {
        "package": "Runestone",
        "repositoryURL": "https://github.com/msnabiel/Runestone.git",
        "state": {
          "branch": "update-tree-sitter-dependency",
          "revision": "d0994c2813aafa68d639945a02c96cfabe20b39a",
          "version": null
        }
      },
      {
        "package": "TreeSitter",
        "repositoryURL": "https://github.com/tree-sitter/tree-sitter",
        "state": {
          "branch": null,
          "revision": "da6fe9beb4f7f67beb75914ca8e0d48ae48d6406",
          "version": "0.25.10"
        }
      }
    ]
  },
  "version": 1
}
